// !$*UTF8*$!
{
	archiveVersion = 1;
	classes = {
	};
	objectVersion = 50;
	objects = {

/* Begin PBXBuildFile section */
		AD41A15A21CC3066004FED30 /* ResetPasswordViewController.swift in Sources */ = {isa = PBXBuildFile; fileRef = AD41A15921CC3066004FED30 /* ResetPasswordViewController.swift */; };
		AD41A15C21CC6603004FED30 /* HomeViewController.swift in Sources */ = {isa = PBXBuildFile; fileRef = AD41A15B21CC6603004FED30 /* HomeViewController.swift */; };
		AD41A15E21CC665E004FED30 /* HomeHeaderView.swift in Sources */ = {isa = PBXBuildFile; fileRef = AD41A15D21CC665E004FED30 /* HomeHeaderView.swift */; };
		AD41A16021CC6B6E004FED30 /* HomePicCellView.swift in Sources */ = {isa = PBXBuildFile; fileRef = AD41A15F21CC6B6E004FED30 /* HomePicCellView.swift */; };
		AD83F8D221C773BE00EFAB16 /* AppDelegate.swift in Sources */ = {isa = PBXBuildFile; fileRef = AD83F8D121C773BE00EFAB16 /* AppDelegate.swift */; };
		AD83F8D721C773BE00EFAB16 /* Main.storyboard in Resources */ = {isa = PBXBuildFile; fileRef = AD83F8D521C773BE00EFAB16 /* Main.storyboard */; };
		AD83F8D921C773C000EFAB16 /* Assets.xcassets in Resources */ = {isa = PBXBuildFile; fileRef = AD83F8D821C773C000EFAB16 /* Assets.xcassets */; };
		AD83F8DC21C773C000EFAB16 /* LaunchScreen.storyboard in Resources */ = {isa = PBXBuildFile; fileRef = AD83F8DA21C773C000EFAB16 /* LaunchScreen.storyboard */; };
		AD83F8E421C777A700EFAB16 /* RootPageViewController.swift in Sources */ = {isa = PBXBuildFile; fileRef = AD83F8E321C777A700EFAB16 /* RootPageViewController.swift */; };
		AD83F8F221C8FB3B00EFAB16 /* LogInViewController.swift in Sources */ = {isa = PBXBuildFile; fileRef = AD83F8F121C8FB3B00EFAB16 /* LogInViewController.swift */; };
		AD83F8F521CBF1F500EFAB16 /* SignUpViewController.swift in Sources */ = {isa = PBXBuildFile; fileRef = AD83F8F321C8FB5100EFAB16 /* SignUpViewController.swift */; };
		B33EAC4FD53D16F92C56E8CB /* Pods_Social_Base.framework in Frameworks */ = {isa = PBXBuildFile; fileRef = 47AF73D047DF43D153187E0A /* Pods_Social_Base.framework */; };
/* End PBXBuildFile section */

/* Begin PBXFileReference section */
		0736F3D4BF7296FFD29FAE8A /* Pods-Social Base.release.xcconfig */ = {isa = PBXFileReference; includeInIndex = 1; lastKnownFileType = text.xcconfig; name = "Pods-Social Base.release.xcconfig"; path = "Pods/Target Support Files/Pods-Social Base/Pods-Social Base.release.xcconfig"; sourceTree = "<group>"; };
		47AF73D047DF43D153187E0A /* Pods_Social_Base.framework */ = {isa = PBXFileReference; explicitFileType = wrapper.framework; includeInIndex = 0; path = Pods_Social_Base.framework; sourceTree = BUILT_PRODUCTS_DIR; };
		AD41A15821CBFBE9004FED30 /* Social Base-Bridging-Header.h */ = {isa = PBXFileReference; fileEncoding = 4; lastKnownFileType = sourcecode.c.h; path = "Social Base-Bridging-Header.h"; sourceTree = "<group>"; };
		AD41A15921CC3066004FED30 /* ResetPasswordViewController.swift */ = {isa = PBXFileReference; lastKnownFileType = sourcecode.swift; path = ResetPasswordViewController.swift; sourceTree = "<group>"; };
		AD41A15B21CC6603004FED30 /* HomeViewController.swift */ = {isa = PBXFileReference; lastKnownFileType = sourcecode.swift; path = HomeViewController.swift; sourceTree = "<group>"; };
		AD41A15D21CC665E004FED30 /* HomeHeaderView.swift */ = {isa = PBXFileReference; lastKnownFileType = sourcecode.swift; path = HomeHeaderView.swift; sourceTree = "<group>"; };
		AD41A15F21CC6B6E004FED30 /* HomePicCellView.swift */ = {isa = PBXFileReference; lastKnownFileType = sourcecode.swift; path = HomePicCellView.swift; sourceTree = "<group>"; };
		AD83F8CE21C773BE00EFAB16 /* Social Base.app */ = {isa = PBXFileReference; explicitFileType = wrapper.application; includeInIndex = 0; path = "Social Base.app"; sourceTree = BUILT_PRODUCTS_DIR; };
		AD83F8D121C773BE00EFAB16 /* AppDelegate.swift */ = {isa = PBXFileReference; lastKnownFileType = sourcecode.swift; path = AppDelegate.swift; sourceTree = "<group>"; };
		AD83F8D621C773BE00EFAB16 /* Base */ = {isa = PBXFileReference; lastKnownFileType = file.storyboard; name = Base; path = Base.lproj/Main.storyboard; sourceTree = "<group>"; };
		AD83F8D821C773C000EFAB16 /* Assets.xcassets */ = {isa = PBXFileReference; lastKnownFileType = folder.assetcatalog; path = Assets.xcassets; sourceTree = "<group>"; };
		AD83F8DB21C773C000EFAB16 /* Base */ = {isa = PBXFileReference; lastKnownFileType = file.storyboard; name = Base; path = Base.lproj/LaunchScreen.storyboard; sourceTree = "<group>"; };
		AD83F8DD21C773C000EFAB16 /* Info.plist */ = {isa = PBXFileReference; lastKnownFileType = text.plist.xml; path = Info.plist; sourceTree = "<group>"; };
		AD83F8E321C777A700EFAB16 /* RootPageViewController.swift */ = {isa = PBXFileReference; lastKnownFileType = sourcecode.swift; path = RootPageViewController.swift; sourceTree = "<group>"; };
		AD83F8F121C8FB3B00EFAB16 /* LogInViewController.swift */ = {isa = PBXFileReference; lastKnownFileType = sourcecode.swift; path = LogInViewController.swift; sourceTree = "<group>"; };
		AD83F8F321C8FB5100EFAB16 /* SignUpViewController.swift */ = {isa = PBXFileReference; lastKnownFileType = sourcecode.swift; path = SignUpViewController.swift; sourceTree = "<group>"; };
		FFBFF475B98B9178B954DABD /* Pods-Social Base.debug.xcconfig */ = {isa = PBXFileReference; includeInIndex = 1; lastKnownFileType = text.xcconfig; name = "Pods-Social Base.debug.xcconfig"; path = "Pods/Target Support Files/Pods-Social Base/Pods-Social Base.debug.xcconfig"; sourceTree = "<group>"; };
/* End PBXFileReference section */

/* Begin PBXFrameworksBuildPhase section */
		AD83F8CB21C773BE00EFAB16 /* Frameworks */ = {
			isa = PBXFrameworksBuildPhase;
			buildActionMask = 2147483647;
			files = (
				B33EAC4FD53D16F92C56E8CB /* Pods_Social_Base.framework in Frameworks */,
			);
			runOnlyForDeploymentPostprocessing = 0;
		};
/* End PBXFrameworksBuildPhase section */

/* Begin PBXGroup section */
		58FCC63EF2453519A6C71503 /* Frameworks */ = {
			isa = PBXGroup;
			children = (
				47AF73D047DF43D153187E0A /* Pods_Social_Base.framework */,
			);
			name = Frameworks;
			sourceTree = "<group>";
		};
		5D00FFE17F6F0C66DCC30FCE /* Pods */ = {
			isa = PBXGroup;
			children = (
				FFBFF475B98B9178B954DABD /* Pods-Social Base.debug.xcconfig */,
				0736F3D4BF7296FFD29FAE8A /* Pods-Social Base.release.xcconfig */,
			);
			name = Pods;
			sourceTree = "<group>";
		};
		AD83F8C521C773BE00EFAB16 = {
			isa = PBXGroup;
			children = (
				AD83F8D021C773BE00EFAB16 /* Social Base */,
				AD83F8CF21C773BE00EFAB16 /* Products */,
				5D00FFE17F6F0C66DCC30FCE /* Pods */,
				58FCC63EF2453519A6C71503 /* Frameworks */,
			);
			sourceTree = "<group>";
		};
		AD83F8CF21C773BE00EFAB16 /* Products */ = {
			isa = PBXGroup;
			children = (
				AD83F8CE21C773BE00EFAB16 /* Social Base.app */,
			);
			name = Products;
			sourceTree = "<group>";
		};
		AD83F8D021C773BE00EFAB16 /* Social Base */ = {
			isa = PBXGroup;
			children = (
				AD83F8D121C773BE00EFAB16 /* AppDelegate.swift */,
				AD83F8E321C777A700EFAB16 /* RootPageViewController.swift */,
				AD83F8EE21C7FFB700EFAB16 /* View Controller */,
				AD83F8D821C773C000EFAB16 /* Assets.xcassets */,
				AD83F8DA21C773C000EFAB16 /* LaunchScreen.storyboard */,
				AD83F8EB21C794E900EFAB16 /* Storyboard */,
				AD83F8DD21C773C000EFAB16 /* Info.plist */,
			);
			path = "Social Base";
			sourceTree = "<group>";
		};
		AD83F8EB21C794E900EFAB16 /* Storyboard */ = {
			isa = PBXGroup;
			children = (
				AD83F8D521C773BE00EFAB16 /* Main.storyboard */,
			);
			path = Storyboard;
			sourceTree = "<group>";
		};
		AD83F8EE21C7FFB700EFAB16 /* View Controller */ = {
			isa = PBXGroup;
			children = (
				AD41A15821CBFBE9004FED30 /* Social Base-Bridging-Header.h */,
				AD83F8F121C8FB3B00EFAB16 /* LogInViewController.swift */,
				AD41A15921CC3066004FED30 /* ResetPasswordViewController.swift */,
				AD83F8F321C8FB5100EFAB16 /* SignUpViewController.swift */,
				AD41A15B21CC6603004FED30 /* HomeViewController.swift */,
				AD41A15D21CC665E004FED30 /* HomeHeaderView.swift */,
				AD41A15F21CC6B6E004FED30 /* HomePicCellView.swift */,
			);
			path = "View Controller";
			sourceTree = "<group>";
		};
/* End PBXGroup section */

/* Begin PBXNativeTarget section */
		AD83F8CD21C773BE00EFAB16 /* Social Base */ = {
			isa = PBXNativeTarget;
			buildConfigurationList = AD83F8E021C773C000EFAB16 /* Build configuration list for PBXNativeTarget "Social Base" */;
			buildPhases = (
				B1F79A831E4A06EB740DE182 /* [CP] Check Pods Manifest.lock */,
				AD83F8CA21C773BE00EFAB16 /* Sources */,
				AD83F8CB21C773BE00EFAB16 /* Frameworks */,
				AD83F8CC21C773BE00EFAB16 /* Resources */,
				C9E04629B21F0AC8B9A48372 /* [CP] Embed Pods Frameworks */,
			);
			buildRules = (
			);
			dependencies = (
			);
			name = "Social Base";
			productName = "Social Base";
			productReference = AD83F8CE21C773BE00EFAB16 /* Social Base.app */;
			productType = "com.apple.product-type.application";
		};
/* End PBXNativeTarget section */

/* Begin PBXProject section */
		AD83F8C621C773BE00EFAB16 /* Project object */ = {
			isa = PBXProject;
			attributes = {
				LastSwiftUpdateCheck = 1010;
				LastUpgradeCheck = 1010;
				ORGANIZATIONNAME = Carter;
				TargetAttributes = {
					AD83F8CD21C773BE00EFAB16 = {
						CreatedOnToolsVersion = 10.1;
						LastSwiftMigration = 1010;
					};
				};
			};
			buildConfigurationList = AD83F8C921C773BE00EFAB16 /* Build configuration list for PBXProject "Social Base" */;
			compatibilityVersion = "Xcode 9.3";
			developmentRegion = en;
			hasScannedForEncodings = 0;
			knownRegions = (
				en,
				Base,
			);
			mainGroup = AD83F8C521C773BE00EFAB16;
			productRefGroup = AD83F8CF21C773BE00EFAB16 /* Products */;
			projectDirPath = "";
			projectRoot = "";
			targets = (
				AD83F8CD21C773BE00EFAB16 /* Social Base */,
			);
		};
/* End PBXProject section */

/* Begin PBXResourcesBuildPhase section */
		AD83F8CC21C773BE00EFAB16 /* Resources */ = {
			isa = PBXResourcesBuildPhase;
			buildActionMask = 2147483647;
			files = (
				AD83F8DC21C773C000EFAB16 /* LaunchScreen.storyboard in Resources */,
				AD83F8D921C773C000EFAB16 /* Assets.xcassets in Resources */,
				AD83F8D721C773BE00EFAB16 /* Main.storyboard in Resources */,
			);
			runOnlyForDeploymentPostprocessing = 0;
		};
/* End PBXResourcesBuildPhase section */

/* Begin PBXShellScriptBuildPhase section */
		B1F79A831E4A06EB740DE182 /* [CP] Check Pods Manifest.lock */ = {
			isa = PBXShellScriptBuildPhase;
			buildActionMask = 2147483647;
			files = (
			);
			inputFileListPaths = (
			);
			inputPaths = (
				"${PODS_PODFILE_DIR_PATH}/Podfile.lock",
				"${PODS_ROOT}/Manifest.lock",
			);
			name = "[CP] Check Pods Manifest.lock";
			outputFileListPaths = (
			);
			outputPaths = (
				"$(DERIVED_FILE_DIR)/Pods-Social Base-checkManifestLockResult.txt",
			);
			runOnlyForDeploymentPostprocessing = 0;
			shellPath = /bin/sh;
			shellScript = "diff \"${PODS_PODFILE_DIR_PATH}/Podfile.lock\" \"${PODS_ROOT}/Manifest.lock\" > /dev/null\nif [ $? != 0 ] ; then\n    # print error to STDERR\n    echo \"error: The sandbox is not in sync with the Podfile.lock. Run 'pod install' or update your CocoaPods installation.\" >&2\n    exit 1\nfi\n# This output is used by Xcode 'outputs' to avoid re-running this script phase.\necho \"SUCCESS\" > \"${SCRIPT_OUTPUT_FILE_0}\"\n";
			showEnvVarsInLog = 0;
		};
		C9E04629B21F0AC8B9A48372 /* [CP] Embed Pods Frameworks */ = {
			isa = PBXShellScriptBuildPhase;
			buildActionMask = 2147483647;
			files = (
			);
			inputFileListPaths = (
			);
			inputPaths = (
				"${SRCROOT}/Pods/Target Support Files/Pods-Social Base/Pods-Social Base-frameworks.sh",
				"${BUILT_PRODUCTS_DIR}/AVOSCloud/AVOSCloud.framework",
				"${BUILT_PRODUCTS_DIR}/AVOSCloudCrashReporting/AVOSCloudCrashReporting.framework",
				"${BUILT_PRODUCTS_DIR}/AVOSCloudIM/AVOSCloudIM.framework",
				"${BUILT_PRODUCTS_DIR}/SDWebImage/SDWebImage.framework",
				"${BUILT_PRODUCTS_DIR}/SVProgressHUD/SVProgressHUD.framework",
			);
			name = "[CP] Embed Pods Frameworks";
			outputFileListPaths = (
			);
			outputPaths = (
				"${TARGET_BUILD_DIR}/${FRAMEWORKS_FOLDER_PATH}/AVOSCloud.framework",
				"${TARGET_BUILD_DIR}/${FRAMEWORKS_FOLDER_PATH}/AVOSCloudCrashReporting.framework",
				"${TARGET_BUILD_DIR}/${FRAMEWORKS_FOLDER_PATH}/AVOSCloudIM.framework",
				"${TARGET_BUILD_DIR}/${FRAMEWORKS_FOLDER_PATH}/SDWebImage.framework",
				"${TARGET_BUILD_DIR}/${FRAMEWORKS_FOLDER_PATH}/SVProgressHUD.framework",
			);
			runOnlyForDeploymentPostprocessing = 0;
			shellPath = /bin/sh;
			shellScript = "\"${SRCROOT}/Pods/Target Support Files/Pods-Social Base/Pods-Social Base-frameworks.sh\"\n";
			showEnvVarsInLog = 0;
		};
/* End PBXShellScriptBuildPhase section */

/* Begin PBXSourcesBuildPhase section */
		AD83F8CA21C773BE00EFAB16 /* Sources */ = {
			isa = PBXSourcesBuildPhase;
			buildActionMask = 2147483647;
			files = (
				AD41A16021CC6B6E004FED30 /* HomePicCellView.swift in Sources */,
				AD83F8E421C777A700EFAB16 /* RootPageViewController.swift in Sources */,
				AD83F8D221C773BE00EFAB16 /* AppDelegate.swift in Sources */,
				AD41A15A21CC3066004FED30 /* ResetPasswordViewController.swift in Sources */,
				AD83F8F521CBF1F500EFAB16 /* SignUpViewController.swift in Sources */,
				AD83F8F221C8FB3B00EFAB16 /* LogInViewController.swift in Sources */,
				AD41A15E21CC665E004FED30 /* HomeHeaderView.swift in Sources */,
				AD41A15C21CC6603004FED30 /* HomeViewController.swift in Sources */,
			);
			runOnlyForDeploymentPostprocessing = 0;
		};
/* End PBXSourcesBuildPhase section */

/* Begin PBXVariantGroup section */
		AD83F8D521C773BE00EFAB16 /* Main.storyboard */ = {
			isa = PBXVariantGroup;
			children = (
				AD83F8D621C773BE00EFAB16 /* Base */,
			);
			name = Main.storyboard;
			sourceTree = "<group>";
		};
		AD83F8DA21C773C000EFAB16 /* LaunchScreen.storyboard */ = {
			isa = PBXVariantGroup;
			children = (
				AD83F8DB21C773C000EFAB16 /* Base */,
			);
			name = LaunchScreen.storyboard;
			sourceTree = "<group>";
		};
/* End PBXVariantGroup section */

/* Begin XCBuildConfiguration section */
		AD83F8DE21C773C000EFAB16 /* Debug */ = {
			isa = XCBuildConfiguration;
			buildSettings = {
				ALWAYS_SEARCH_USER_PATHS = NO;
				CLANG_ANALYZER_NONNULL = YES;
				CLANG_ANALYZER_NUMBER_OBJECT_CONVERSION = YES_AGGRESSIVE;
				CLANG_CXX_LANGUAGE_STANDARD = "gnu++14";
				CLANG_CXX_LIBRARY = "libc++";
				CLANG_ENABLE_MODULES = YES;
				CLANG_ENABLE_OBJC_ARC = YES;
				CLANG_ENABLE_OBJC_WEAK = YES;
				CLANG_WARN_BLOCK_CAPTURE_AUTORELEASING = YES;
				CLANG_WARN_BOOL_CONVERSION = YES;
				CLANG_WARN_COMMA = YES;
				CLANG_WARN_CONSTANT_CONVERSION = YES;
				CLANG_WARN_DEPRECATED_OBJC_IMPLEMENTATIONS = YES;
				CLANG_WARN_DIRECT_OBJC_ISA_USAGE = YES_ERROR;
				CLANG_WARN_DOCUMENTATION_COMMENTS = YES;
				CLANG_WARN_EMPTY_BODY = YES;
				CLANG_WARN_ENUM_CONVERSION = YES;
				CLANG_WARN_INFINITE_RECURSION = YES;
				CLANG_WARN_INT_CONVERSION = YES;
				CLANG_WARN_NON_LITERAL_NULL_CONVERSION = YES;
				CLANG_WARN_OBJC_IMPLICIT_RETAIN_SELF = YES;
				CLANG_WARN_OBJC_LITERAL_CONVERSION = YES;
				CLANG_WARN_OBJC_ROOT_CLASS = YES_ERROR;
				CLANG_WARN_RANGE_LOOP_ANALYSIS = YES;
				CLANG_WARN_STRICT_PROTOTYPES = YES;
				CLANG_WARN_SUSPICIOUS_MOVE = YES;
				CLANG_WARN_UNGUARDED_AVAILABILITY = YES_AGGRESSIVE;
				CLANG_WARN_UNREACHABLE_CODE = YES;
				CLANG_WARN__DUPLICATE_METHOD_MATCH = YES;
				CODE_SIGN_IDENTITY = "iPhone Developer";
				COPY_PHASE_STRIP = NO;
				DEBUG_INFORMATION_FORMAT = dwarf;
				ENABLE_STRICT_OBJC_MSGSEND = YES;
				ENABLE_TESTABILITY = YES;
				GCC_C_LANGUAGE_STANDARD = gnu11;
				GCC_DYNAMIC_NO_PIC = NO;
				GCC_NO_COMMON_BLOCKS = YES;
				GCC_OPTIMIZATION_LEVEL = 0;
				GCC_PREPROCESSOR_DEFINITIONS = (
					"DEBUG=1",
					"$(inherited)",
				);
				GCC_WARN_64_TO_32_BIT_CONVERSION = YES;
				GCC_WARN_ABOUT_RETURN_TYPE = YES_ERROR;
				GCC_WARN_UNDECLARED_SELECTOR = YES;
				GCC_WARN_UNINITIALIZED_AUTOS = YES_AGGRESSIVE;
				GCC_WARN_UNUSED_FUNCTION = YES;
				GCC_WARN_UNUSED_VARIABLE = YES;
				IPHONEOS_DEPLOYMENT_TARGET = 12.1;
				MTL_ENABLE_DEBUG_INFO = INCLUDE_SOURCE;
				MTL_FAST_MATH = YES;
				ONLY_ACTIVE_ARCH = YES;
				SDKROOT = iphoneos;
				SWIFT_ACTIVE_COMPILATION_CONDITIONS = DEBUG;
				SWIFT_OPTIMIZATION_LEVEL = "-Onone";
			};
			name = Debug;
		};
		AD83F8DF21C773C000EFAB16 /* Release */ = {
			isa = XCBuildConfiguration;
			buildSettings = {
				ALWAYS_SEARCH_USER_PATHS = NO;
				CLANG_ANALYZER_NONNULL = YES;
				CLANG_ANALYZER_NUMBER_OBJECT_CONVERSION = YES_AGGRESSIVE;
				CLANG_CXX_LANGUAGE_STANDARD = "gnu++14";
				CLANG_CXX_LIBRARY = "libc++";
				CLANG_ENABLE_MODULES = YES;
				CLANG_ENABLE_OBJC_ARC = YES;
				CLANG_ENABLE_OBJC_WEAK = YES;
				CLANG_WARN_BLOCK_CAPTURE_AUTORELEASING = YES;
				CLANG_WARN_BOOL_CONVERSION = YES;
				CLANG_WARN_COMMA = YES;
				CLANG_WARN_CONSTANT_CONVERSION = YES;
				CLANG_WARN_DEPRECATED_OBJC_IMPLEMENTATIONS = YES;
				CLANG_WARN_DIRECT_OBJC_ISA_USAGE = YES_ERROR;
				CLANG_WARN_DOCUMENTATION_COMMENTS = YES;
				CLANG_WARN_EMPTY_BODY = YES;
				CLANG_WARN_ENUM_CONVERSION = YES;
				CLANG_WARN_INFINITE_RECURSION = YES;
				CLANG_WARN_INT_CONVERSION = YES;
				CLANG_WARN_NON_LITERAL_NULL_CONVERSION = YES;
				CLANG_WARN_OBJC_IMPLICIT_RETAIN_SELF = YES;
				CLANG_WARN_OBJC_LITERAL_CONVERSION = YES;
				CLANG_WARN_OBJC_ROOT_CLASS = YES_ERROR;
				CLANG_WARN_RANGE_LOOP_ANALYSIS = YES;
				CLANG_WARN_STRICT_PROTOTYPES = YES;
				CLANG_WARN_SUSPICIOUS_MOVE = YES;
				CLANG_WARN_UNGUARDED_AVAILABILITY = YES_AGGRESSIVE;
				CLANG_WARN_UNREACHABLE_CODE = YES;
				CLANG_WARN__DUPLICATE_METHOD_MATCH = YES;
				CODE_SIGN_IDENTITY = "iPhone Developer";
				COPY_PHASE_STRIP = NO;
				DEBUG_INFORMATION_FORMAT = "dwarf-with-dsym";
				ENABLE_NS_ASSERTIONS = NO;
				ENABLE_STRICT_OBJC_MSGSEND = YES;
				GCC_C_LANGUAGE_STANDARD = gnu11;
				GCC_NO_COMMON_BLOCKS = YES;
				GCC_WARN_64_TO_32_BIT_CONVERSION = YES;
				GCC_WARN_ABOUT_RETURN_TYPE = YES_ERROR;
				GCC_WARN_UNDECLARED_SELECTOR = YES;
				GCC_WARN_UNINITIALIZED_AUTOS = YES_AGGRESSIVE;
				GCC_WARN_UNUSED_FUNCTION = YES;
				GCC_WARN_UNUSED_VARIABLE = YES;
				IPHONEOS_DEPLOYMENT_TARGET = 12.1;
				MTL_ENABLE_DEBUG_INFO = NO;
				MTL_FAST_MATH = YES;
				SDKROOT = iphoneos;
				SWIFT_COMPILATION_MODE = wholemodule;
				SWIFT_OPTIMIZATION_LEVEL = "-O";
				VALIDATE_PRODUCT = YES;
			};
			name = Release;
		};
		AD83F8E121C773C000EFAB16 /* Debug */ = {
			isa = XCBuildConfiguration;
			baseConfigurationReference = FFBFF475B98B9178B954DABD /* Pods-Social Base.debug.xcconfig */;
			buildSettings = {
				ASSETCATALOG_COMPILER_APPICON_NAME = AppIcon;
				CLANG_ENABLE_MODULES = YES;
				CODE_SIGN_STYLE = Automatic;
				DEVELOPMENT_TEAM = 94L3QFAK7X;
				INFOPLIST_FILE = "Social Base/Info.plist";
				LD_RUNPATH_SEARCH_PATHS = (
					"$(inherited)",
					"@executable_path/Frameworks",
				);
				PRODUCT_BUNDLE_IDENTIFIER = "com.carteryang.Social-Base";
				PRODUCT_NAME = "$(TARGET_NAME)";
				SWIFT_OBJC_BRIDGING_HEADER = "Social Base/View Controller/Social Base-Bridging-Header.h";
				SWIFT_OPTIMIZATION_LEVEL = "-Onone";
				SWIFT_VERSION = 4.2;
				TARGETED_DEVICE_FAMILY = 1;
			};
			name = Debug;
		};
		AD83F8E221C773C000EFAB16 /* Release */ = {
			isa = XCBuildConfiguration;
			baseConfigurationReference = 0736F3D4BF7296FFD29FAE8A /* Pods-Social Base.release.xcconfig */;
			buildSettings = {
				ASSETCATALOG_COMPILER_APPICON_NAME = AppIcon;
				CLANG_ENABLE_MODULES = YES;
				CODE_SIGN_STYLE = Automatic;
				DEVELOPMENT_TEAM = 94L3QFAK7X;
				INFOPLIST_FILE = "Social Base/Info.plist";
				LD_RUNPATH_SEARCH_PATHS = (
					"$(inherited)",
					"@executable_path/Frameworks",
				);
				PRODUCT_BUNDLE_IDENTIFIER = "com.carteryang.Social-Base";
				PRODUCT_NAME = "$(TARGET_NAME)";
				SWIFT_OBJC_BRIDGING_HEADER = "Social Base/View Controller/Social Base-Bridging-Header.h";
				SWIFT_VERSION = 4.2;
				TARGETED_DEVICE_FAMILY = 1;
			};
			name = Release;
		};
/* End XCBuildConfiguration section */

/* Begin XCConfigurationList section */
		AD83F8C921C773BE00EFAB16 /* Build configuration list for PBXProject "Social Base" */ = {
			isa = XCConfigurationList;
			buildConfigurations = (
				AD83F8DE21C773C000EFAB16 /* Debug */,
				AD83F8DF21C773C000EFAB16 /* Release */,
			);
			defaultConfigurationIsVisible = 0;
			defaultConfigurationName = Release;
		};
		AD83F8E021C773C000EFAB16 /* Build configuration list for PBXNativeTarget "Social Base" */ = {
			isa = XCConfigurationList;
			buildConfigurations = (
				AD83F8E121C773C000EFAB16 /* Debug */,
				AD83F8E221C773C000EFAB16 /* Release */,
			);
			defaultConfigurationIsVisible = 0;
			defaultConfigurationName = Release;
		};
/* End XCConfigurationList section */
	};
	rootObject = AD83F8C621C773BE00EFAB16 /* Project object */;
}
